
Microsoft Visual Studio Solution File, Format Version 12.00
# Visual Studio Version 17
VisualStudioVersion = 17.2.32526.322
MinimumVisualStudioVersion = 10.0.40219.1
Project("{9A19103F-16F7-4668-BE54-9A1E7A4F7556}") = "MyGameList", "MyGameList.MVC\MyGameList.csproj", "{584DD191-507A-4DF9-B9CF-B4EF11C71842}"
EndProject
Project("{9A19103F-16F7-4668-BE54-9A1E7A4F7556}") = "MyGameList.WebService", "MyGameList.WebService\MyGameList.WebService.csproj", "{082F2CC4-03F0-4B1E-A9AE-D62F3881EB8A}"
EndProject
Global
	GlobalSection(SolutionConfigurationPlatforms) = preSolution
		Debug|Any CPU = Debug|Any CPU
		Release|Any CPU = Release|Any CPU
	EndGlobalSection
	GlobalSection(ProjectConfigurationPlatforms) = postSolution
		{584DD191-507A-4DF9-B9CF-B4EF11C71842}.Debug|Any CPU.ActiveCfg = Debug|Any CPU
		{584DD191-507A-4DF9-B9CF-B4EF11C71842}.Debug|Any CPU.Build.0 = Debug|Any CPU
		{584DD191-507A-4DF9-B9CF-B4EF11C71842}.Release|Any CPU.ActiveCfg = Release|Any CPU
		{584DD191-507A-4DF9-B9CF-B4EF11C71842}.Release|Any CPU.Build.0 = Release|Any CPU
		{082F2CC4-03F0-4B1E-A9AE-D62F3881EB8A}.Debug|Any CPU.ActiveCfg = Debug|Any CPU
		{082F2CC4-03F0-4B1E-A9AE-D62F3881EB8A}.Debug|Any CPU.Build.0 = Debug|Any CPU
		{082F2CC4-03F0-4B1E-A9AE-D62F3881EB8A}.Release|Any CPU.ActiveCfg = Release|Any CPU
		{082F2CC4-03F0-4B1E-A9AE-D62F3881EB8A}.Release|Any CPU.Build.0 = Release|Any CPU
	EndGlobalSection
	GlobalSection(SolutionProperties) = preSolution
		HideSolutionNode = FALSE
	EndGlobalSection
	GlobalSection(ExtensibilityGlobals) = postSolution
		SolutionGuid = {BA22ECBA-A999-412B-9576-264D887DA739}
	EndGlobalSection
EndGlobal
